
Microsoft Visual Studio Solution File, Format Version 12.00
# Visual Studio Version 17
VisualStudioVersion = 17.5.33627.172
MinimumVisualStudioVersion = 10.0.40219.1
Project("{2150E333-8FDC-42A3-9474-1A3956D46DE8}") = "Services", "Services", "{015D406F-60D9-423B-8A4E-339F74AC940B}"
EndProject
Project("{2150E333-8FDC-42A3-9474-1A3956D46DE8}") = "Laboratorio.CRUD.Company", "Laboratorio.CRUD.Company", "{30DBA024-31F8-40C4-9D14-8155E99148E1}"
EndProject
Project("{2150E333-8FDC-42A3-9474-1A3956D46DE8}") = "1 - Application", "1 - Application", "{052B930E-9497-4072-A5DC-0A58772AE7E1}"
EndProject
Project("{2150E333-8FDC-42A3-9474-1A3956D46DE8}") = "2 - Domain", "2 - Domain", "{71B638F4-B0CE-477F-8D5F-D7C9BE9EBDB6}"
EndProject
Project("{2150E333-8FDC-42A3-9474-1A3956D46DE8}") = "3 - Service", "3 - Service", "{91848AD2-95DF-40F4-84FB-1F38BB16BC44}"
EndProject
Project("{2150E333-8FDC-42A3-9474-1A3956D46DE8}") = "4 - Infra", "4 - Infra", "{1155F84C-AC68-49C3-AC26-89E232052460}"
EndProject
Project("{2150E333-8FDC-42A3-9474-1A3956D46DE8}") = "4.1 - Data", "4.1 - Data", "{130E9A87-7CB5-47FA-8840-DE50A0C3A737}"
EndProject
Project("{2150E333-8FDC-42A3-9474-1A3956D46DE8}") = "4.2 - CrossCutting", "4.2 - CrossCutting", "{62CB3962-19A6-46A1-973F-A3E7261D8A73}"
EndProject
Project("{FAE04EC0-301F-11D3-BF4B-00C04F79EFBC}") = "Laboratorio.CRUD.Company.Application", "src\Laboratorio.CRUD.Company.Application\Laboratorio.CRUD.Company.Application.csproj", "{F188675F-D0DF-41FE-883D-E2EE4D061A1A}"
EndProject
Project("{FAE04EC0-301F-11D3-BF4B-00C04F79EFBC}") = "Laboratorio.CRUD.Company.Domain", "src\Laboratorio.CRUD.Company.Domain\Laboratorio.CRUD.Company.Domain.csproj", "{02904425-9EE9-4AEE-90EF-E407001371EB}"
EndProject
Project("{FAE04EC0-301F-11D3-BF4B-00C04F79EFBC}") = "Laboratorio.CRUD.Company.Service", "src\Laboratorio.CRUD.Company.Service\Laboratorio.CRUD.Company.Service.csproj", "{30DCC649-8875-4E52-86AA-88325B8DC6FF}"
EndProject
Project("{FAE04EC0-301F-11D3-BF4B-00C04F79EFBC}") = "Laboratorio.CRUD.Company.Infra.Data", "src\Laboratorio.CRUD.Company.Infra.Data\Laboratorio.CRUD.Company.Infra.Data.csproj", "{EB32C3A0-9769-4382-AB87-C7E147B4093B}"
EndProject
Project("{FAE04EC0-301F-11D3-BF4B-00C04F79EFBC}") = "Laboratorio.CRUD.Company.Infra.CrossCutting", "src\Laboratorio.CRUD.Company.Infra.CrossCutting\Laboratorio.CRUD.Company.Infra.CrossCutting.csproj", "{F0494144-AF02-47E2-99B1-597069B70557}"
EndProject
Project("{2150E333-8FDC-42A3-9474-1A3956D46DE8}") = "Tests", "Tests", "{F3B9857C-A080-429F-A3FA-8251A59A4928}"
EndProject
Project("{9A19103F-16F7-4668-BE54-9A1E7A4F7556}") = "Laboratorio.CRUD.Company.Tests", "test\Laboratorio.CRUD.Company.Tests\Laboratorio.CRUD.Company.Tests.csproj", "{A158C4D0-DBC4-4EC6-AD93-CC0945273BE8}"
EndProject
Global
	GlobalSection(SolutionConfigurationPlatforms) = preSolution
		Debug|Any CPU = Debug|Any CPU
		Release|Any CPU = Release|Any CPU
	EndGlobalSection
	GlobalSection(ProjectConfigurationPlatforms) = postSolution
		{F188675F-D0DF-41FE-883D-E2EE4D061A1A}.Debug|Any CPU.ActiveCfg = Debug|Any CPU
		{F188675F-D0DF-41FE-883D-E2EE4D061A1A}.Debug|Any CPU.Build.0 = Debug|Any CPU
		{F188675F-D0DF-41FE-883D-E2EE4D061A1A}.Release|Any CPU.ActiveCfg = Release|Any CPU
		{F188675F-D0DF-41FE-883D-E2EE4D061A1A}.Release|Any CPU.Build.0 = Release|Any CPU
		{02904425-9EE9-4AEE-90EF-E407001371EB}.Debug|Any CPU.ActiveCfg = Debug|Any CPU
		{02904425-9EE9-4AEE-90EF-E407001371EB}.Debug|Any CPU.Build.0 = Debug|Any CPU
		{02904425-9EE9-4AEE-90EF-E407001371EB}.Release|Any CPU.ActiveCfg = Release|Any CPU
		{02904425-9EE9-4AEE-90EF-E407001371EB}.Release|Any CPU.Build.0 = Release|Any CPU
		{30DCC649-8875-4E52-86AA-88325B8DC6FF}.Debug|Any CPU.ActiveCfg = Debug|Any CPU
		{30DCC649-8875-4E52-86AA-88325B8DC6FF}.Debug|Any CPU.Build.0 = Debug|Any CPU
		{30DCC649-8875-4E52-86AA-88325B8DC6FF}.Release|Any CPU.ActiveCfg = Release|Any CPU
		{30DCC649-8875-4E52-86AA-88325B8DC6FF}.Release|Any CPU.Build.0 = Release|Any CPU
		{EB32C3A0-9769-4382-AB87-C7E147B4093B}.Debug|Any CPU.ActiveCfg = Debug|Any CPU
		{EB32C3A0-9769-4382-AB87-C7E147B4093B}.Debug|Any CPU.Build.0 = Debug|Any CPU
		{EB32C3A0-9769-4382-AB87-C7E147B4093B}.Release|Any CPU.ActiveCfg = Release|Any CPU
		{EB32C3A0-9769-4382-AB87-C7E147B4093B}.Release|Any CPU.Build.0 = Release|Any CPU
		{F0494144-AF02-47E2-99B1-597069B70557}.Debug|Any CPU.ActiveCfg = Debug|Any CPU
		{F0494144-AF02-47E2-99B1-597069B70557}.Debug|Any CPU.Build.0 = Debug|Any CPU
		{F0494144-AF02-47E2-99B1-597069B70557}.Release|Any CPU.ActiveCfg = Release|Any CPU
		{F0494144-AF02-47E2-99B1-597069B70557}.Release|Any CPU.Build.0 = Release|Any CPU
		{A158C4D0-DBC4-4EC6-AD93-CC0945273BE8}.Debug|Any CPU.ActiveCfg = Debug|Any CPU
		{A158C4D0-DBC4-4EC6-AD93-CC0945273BE8}.Debug|Any CPU.Build.0 = Debug|Any CPU
		{A158C4D0-DBC4-4EC6-AD93-CC0945273BE8}.Release|Any CPU.ActiveCfg = Release|Any CPU
		{A158C4D0-DBC4-4EC6-AD93-CC0945273BE8}.Release|Any CPU.Build.0 = Release|Any CPU
	EndGlobalSection
	GlobalSection(SolutionProperties) = preSolution
		HideSolutionNode = FALSE
	EndGlobalSection
	GlobalSection(NestedProjects) = preSolution
		{30DBA024-31F8-40C4-9D14-8155E99148E1} = {015D406F-60D9-423B-8A4E-339F74AC940B}
		{052B930E-9497-4072-A5DC-0A58772AE7E1} = {30DBA024-31F8-40C4-9D14-8155E99148E1}
		{71B638F4-B0CE-477F-8D5F-D7C9BE9EBDB6} = {30DBA024-31F8-40C4-9D14-8155E99148E1}
		{91848AD2-95DF-40F4-84FB-1F38BB16BC44} = {30DBA024-31F8-40C4-9D14-8155E99148E1}
		{1155F84C-AC68-49C3-AC26-89E232052460} = {30DBA024-31F8-40C4-9D14-8155E99148E1}
		{130E9A87-7CB5-47FA-8840-DE50A0C3A737} = {1155F84C-AC68-49C3-AC26-89E232052460}
		{62CB3962-19A6-46A1-973F-A3E7261D8A73} = {1155F84C-AC68-49C3-AC26-89E232052460}
		{F188675F-D0DF-41FE-883D-E2EE4D061A1A} = {052B930E-9497-4072-A5DC-0A58772AE7E1}
		{02904425-9EE9-4AEE-90EF-E407001371EB} = {71B638F4-B0CE-477F-8D5F-D7C9BE9EBDB6}
		{30DCC649-8875-4E52-86AA-88325B8DC6FF} = {91848AD2-95DF-40F4-84FB-1F38BB16BC44}
		{EB32C3A0-9769-4382-AB87-C7E147B4093B} = {130E9A87-7CB5-47FA-8840-DE50A0C3A737}
		{F0494144-AF02-47E2-99B1-597069B70557} = {62CB3962-19A6-46A1-973F-A3E7261D8A73}
		{A158C4D0-DBC4-4EC6-AD93-CC0945273BE8} = {F3B9857C-A080-429F-A3FA-8251A59A4928}
	EndGlobalSection
	GlobalSection(ExtensibilityGlobals) = postSolution
		SolutionGuid = {9443037C-83CE-47D5-8712-D57CA54F6671}
	EndGlobalSection
EndGlobal
